{
  "originHash" : "182db11c87d1734fe53a6366b674339f70901a93290bd85def29b63e25e34c43",
  "pins" : [
    {
      "identity" : "realm-core",
      "kind" : "remoteSourceControl",
      "location" : "https://github.com/realm/realm-core.git",
      "state" : {
        "revision" : "f3d7ae5f9f31d90b327a64536bb7801cc69fd85b",
        "version" : "14.9.0"
      }
    },
    {
      "identity" : "realm-swift",
      "kind" : "remoteSourceControl",
      "location" : "https://github.com/realm/realm-swift.git",
      "state" : {
        "branch" : "master",
        "revision" : "2a28fec025f28241b0f1ceef606b4ff5fd182f51"
      }
    }
  ],
  "version" : 3
}
