// !$*UTF8*$!
{
	archiveVersion = 1;
	classes = {
	};
	objectVersion = 56;
	objects = {

/* Begin PBXBuildFile section */
		2F12C6CD2C1407F000AC3E32 /* VocapApp.swift in Sources */ = {isa = PBXBuildFile; fileRef = 2F12C6CC2C1407F000AC3E32 /* VocapApp.swift */; };
		2F12C6CF2C1407F000AC3E32 /* ContentView.swift in Sources */ = {isa = PBXBuildFile; fileRef = 2F12C6CE2C1407F000AC3E32 /* ContentView.swift */; };
		2F12C6D12C1407F100AC3E32 /* Assets.xcassets in Resources */ = {isa = PBXBuildFile; fileRef = 2F12C6D02C1407F100AC3E32 /* Assets.xcassets */; };
		2F12C6D52C1407F100AC3E32 /* Preview Assets.xcassets in Resources */ = {isa = PBXBuildFile; fileRef = 2F12C6D42C1407F100AC3E32 /* Preview Assets.xcassets */; };
		2F12C6DF2C1407F100AC3E32 /* VocapTests.swift in Sources */ = {isa = PBXBuildFile; fileRef = 2F12C6DE2C1407F100AC3E32 /* VocapTests.swift */; };
		2F12C6E92C1407F100AC3E32 /* VocapUITests.swift in Sources */ = {isa = PBXBuildFile; fileRef = 2F12C6E82C1407F100AC3E32 /* VocapUITests.swift */; };
		2F12C6EB2C1407F100AC3E32 /* VocapUITestsLaunchTests.swift in Sources */ = {isa = PBXBuildFile; fileRef = 2F12C6EA2C1407F100AC3E32 /* VocapUITestsLaunchTests.swift */; };
/* End PBXBuildFile section */

/* Begin PBXContainerItemProxy section */
		2F12C6DB2C1407F100AC3E32 /* PBXContainerItemProxy */ = {
			isa = PBXContainerItemProxy;
			containerPortal = 2F12C6C12C1407F000AC3E32 /* Project object */;
			proxyType = 1;
			remoteGlobalIDString = 2F12C6C82C1407F000AC3E32;
			remoteInfo = Vocap;
		};
		2F12C6E52C1407F100AC3E32 /* PBXContainerItemProxy */ = {
			isa = PBXContainerItemProxy;
			containerPortal = 2F12C6C12C1407F000AC3E32 /* Project object */;
			proxyType = 1;
			remoteGlobalIDString = 2F12C6C82C1407F000AC3E32;
			remoteInfo = Vocap;
		};
/* End PBXContainerItemProxy section */

/* Begin PBXFileReference section */
		2F12C6C92C1407F000AC3E32 /* Vocap.app */ = {isa = PBXFileReference; explicitFileType = wrapper.application; includeInIndex = 0; path = Vocap.app; sourceTree = BUILT_PRODUCTS_DIR; };
		2F12C6CC2C1407F000AC3E32 /* VocapApp.swift */ = {isa = PBXFileReference; lastKnownFileType = sourcecode.swift; path = VocapApp.swift; sourceTree = "<group>"; };
		2F12C6CE2C1407F000AC3E32 /* ContentView.swift */ = {isa = PBXFileReference; lastKnownFileType = sourcecode.swift; path = ContentView.swift; sourceTree = "<group>"; };
		2F12C6D02C1407F100AC3E32 /* Assets.xcassets */ = {isa = PBXFileReference; lastKnownFileType = folder.assetcatalog; path = Assets.xcassets; sourceTree = "<group>"; };
		2F12C6D22C1407F100AC3E32 /* Vocap.entitlements */ = {isa = PBXFileReference; lastKnownFileType = text.plist.entitlements; path = Vocap.entitlements; sourceTree = "<group>"; };
		2F12C6D42C1407F100AC3E32 /* Preview Assets.xcassets */ = {isa = PBXFileReference; lastKnownFileType = folder.assetcatalog; path = "Preview Assets.xcassets"; sourceTree = "<group>"; };
		2F12C6DA2C1407F100AC3E32 /* VocapTests.xctest */ = {isa = PBXFileReference; explicitFileType = wrapper.cfbundle; includeInIndex = 0; path = VocapTests.xctest; sourceTree = BUILT_PRODUCTS_DIR; };
		2F12C6DE2C1407F100AC3E32 /* VocapTests.swift */ = {isa = PBXFileReference; lastKnownFileType = sourcecode.swift; path = VocapTests.swift; sourceTree = "<group>"; };
		2F12C6E42C1407F100AC3E32 /* VocapUITests.xctest */ = {isa = PBXFileReference; explicitFileType = wrapper.cfbundle; includeInIndex = 0; path = VocapUITests.xctest; sourceTree = BUILT_PRODUCTS_DIR; };
		2F12C6E82C1407F100AC3E32 /* VocapUITests.swift */ = {isa = PBXFileReference; lastKnownFileType = sourcecode.swift; path = VocapUITests.swift; sourceTree = "<group>"; };
		2F12C6EA2C1407F100AC3E32 /* VocapUITestsLaunchTests.swift */ = {isa = PBXFileReference; lastKnownFileType = sourcecode.swift; path = VocapUITestsLaunchTests.swift; sourceTree = "<group>"; };
/* End PBXFileReference section */

/* Begin PBXFrameworksBuildPhase section */
		2F12C6C62C1407F000AC3E32 /* Frameworks */ = {
			isa = PBXFrameworksBuildPhase;
			buildActionMask = 2147483647;
			files = (
			);
			runOnlyForDeploymentPostprocessing = 0;
		};
		2F12C6D72C1407F100AC3E32 /* Frameworks */ = {
			isa = PBXFrameworksBuildPhase;
			buildActionMask = 2147483647;
			files = (
			);
			runOnlyForDeploymentPostprocessing = 0;
		};
		2F12C6E12C1407F100AC3E32 /* Frameworks */ = {
			isa = PBXFrameworksBuildPhase;
			buildActionMask = 2147483647;
			files = (
			);
			runOnlyForDeploymentPostprocessing = 0;
		};
/* End PBXFrameworksBuildPhase section */

/* Begin PBXGroup section */
		2F12C6C02C1407F000AC3E32 = {
			isa = PBXGroup;
			children = (
				2F12C6CB2C1407F000AC3E32 /* Vocap */,
				2F12C6DD2C1407F100AC3E32 /* VocapTests */,
				2F12C6E72C1407F100AC3E32 /* VocapUITests */,
				2F12C6CA2C1407F000AC3E32 /* Products */,
			);
			sourceTree = "<group>";
		};
		2F12C6CA2C1407F000AC3E32 /* Products */ = {
			isa = PBXGroup;
			children = (
				2F12C6C92C1407F000AC3E32 /* Vocap.app */,
				2F12C6DA2C1407F100AC3E32 /* VocapTests.xctest */,
				2F12C6E42C1407F100AC3E32 /* VocapUITests.xctest */,
			);
			name = Products;
			sourceTree = "<group>";
		};
		2F12C6CB2C1407F000AC3E32 /* Vocap */ = {
			isa = PBXGroup;
			children = (
				2F12C6CC2C1407F000AC3E32 /* VocapApp.swift */,
				2F12C6CE2C1407F000AC3E32 /* ContentView.swift */,
				2F12C6D02C1407F100AC3E32 /* Assets.xcassets */,
				2F12C6D22C1407F100AC3E32 /* Vocap.entitlements */,
				2F12C6D32C1407F100AC3E32 /* Preview Content */,
			);
			path = Vocap;
			sourceTree = "<group>";
		};
		2F12C6D32C1407F100AC3E32 /* Preview Content */ = {
			isa = PBXGroup;
			children = (
				2F12C6D42C1407F100AC3E32 /* Preview Assets.xcassets */,
			);
			path = "Preview Content";
			sourceTree = "<group>";
		};
		2F12C6DD2C1407F100AC3E32 /* VocapTests */ = {
			isa = PBXGroup;
			children = (
				2F12C6DE2C1407F100AC3E32 /* VocapTests.swift */,
			);
			path = VocapTests;
			sourceTree = "<group>";
		};
		2F12C6E72C1407F100AC3E32 /* VocapUITests */ = {
			isa = PBXGroup;
			children = (
				2F12C6E82C1407F100AC3E32 /* VocapUITests.swift */,
				2F12C6EA2C1407F100AC3E32 /* VocapUITestsLaunchTests.swift */,
			);
			path = VocapUITests;
			sourceTree = "<group>";
		};
/* End PBXGroup section */

/* Begin PBXNativeTarget section */
		2F12C6C82C1407F000AC3E32 /* Vocap */ = {
			isa = PBXNativeTarget;
			buildConfigurationList = 2F12C6EE2C1407F100AC3E32 /* Build configuration list for PBXNativeTarget "Vocap" */;
			buildPhases = (
				2F12C6C52C1407F000AC3E32 /* Sources */,
				2F12C6C62C1407F000AC3E32 /* Frameworks */,
				2F12C6C72C1407F000AC3E32 /* Resources */,
			);
			buildRules = (
			);
			dependencies = (
			);
			name = Vocap;
			productName = Vocap;
			productReference = 2F12C6C92C1407F000AC3E32 /* Vocap.app */;
			productType = "com.apple.product-type.application";
		};
		2F12C6D92C1407F100AC3E32 /* VocapTests */ = {
			isa = PBXNativeTarget;
			buildConfigurationList = 2F12C6F12C1407F100AC3E32 /* Build configuration list for PBXNativeTarget "VocapTests" */;
			buildPhases = (
				2F12C6D62C1407F100AC3E32 /* Sources */,
				2F12C6D72C1407F100AC3E32 /* Frameworks */,
				2F12C6D82C1407F100AC3E32 /* Resources */,
			);
			buildRules = (
			);
			dependencies = (
				2F12C6DC2C1407F100AC3E32 /* PBXTargetDependency */,
			);
			name = VocapTests;
			productName = VocapTests;
			productReference = 2F12C6DA2C1407F100AC3E32 /* VocapTests.xctest */;
			productType = "com.apple.product-type.bundle.unit-test";
		};
		2F12C6E32C1407F100AC3E32 /* VocapUITests */ = {
			isa = PBXNativeTarget;
			buildConfigurationList = 2F12C6F42C1407F100AC3E32 /* Build configuration list for PBXNativeTarget "VocapUITests" */;
			buildPhases = (
				2F12C6E02C1407F100AC3E32 /* Sources */,
				2F12C6E12C1407F100AC3E32 /* Frameworks */,
				2F12C6E22C1407F100AC3E32 /* Resources */,
			);
			buildRules = (
			);
			dependencies = (
				2F12C6E62C1407F100AC3E32 /* PBXTargetDependency */,
			);
			name = VocapUITests;
			productName = VocapUITests;
			productReference = 2F12C6E42C1407F100AC3E32 /* VocapUITests.xctest */;
			productType = "com.apple.product-type.bundle.ui-testing";
		};
/* End PBXNativeTarget section */

/* Begin PBXProject section */
		2F12C6C12C1407F000AC3E32 /* Project object */ = {
			isa = PBXProject;
			attributes = {
				BuildIndependentTargetsInParallel = 1;
				LastSwiftUpdateCheck = 1540;
				LastUpgradeCheck = 1540;
				TargetAttributes = {
					2F12C6C82C1407F000AC3E32 = {
						CreatedOnToolsVersion = 15.4;
					};
					2F12C6D92C1407F100AC3E32 = {
						CreatedOnToolsVersion = 15.4;
						TestTargetID = 2F12C6C82C1407F000AC3E32;
					};
					2F12C6E32C1407F100AC3E32 = {
						CreatedOnToolsVersion = 15.4;
						TestTargetID = 2F12C6C82C1407F000AC3E32;
					};
				};
			};
			buildConfigurationList = 2F12C6C42C1407F000AC3E32 /* Build configuration list for PBXProject "Vocap" */;
			compatibilityVersion = "Xcode 14.0";
			developmentRegion = en;
			hasScannedForEncodings = 0;
			knownRegions = (
				en,
				Base,
			);
			mainGroup = 2F12C6C02C1407F000AC3E32;
			productRefGroup = 2F12C6CA2C1407F000AC3E32 /* Products */;
			projectDirPath = "";
			projectRoot = "";
			targets = (
				2F12C6C82C1407F000AC3E32 /* Vocap */,
				2F12C6D92C1407F100AC3E32 /* VocapTests */,
				2F12C6E32C1407F100AC3E32 /* VocapUITests */,
			);
		};
/* End PBXProject section */

/* Begin PBXResourcesBuildPhase section */
		2F12C6C72C1407F000AC3E32 /* Resources */ = {
			isa = PBXResourcesBuildPhase;
			buildActionMask = 2147483647;
			files = (
				2F12C6D52C1407F100AC3E32 /* Preview Assets.xcassets in Resources */,
				2F12C6D12C1407F100AC3E32 /* Assets.xcassets in Resources */,
			);
			runOnlyForDeploymentPostprocessing = 0;
		};
		2F12C6D82C1407F100AC3E32 /* Resources */ = {
			isa = PBXResourcesBuildPhase;
			buildActionMask = 2147483647;
			files = (
			);
			runOnlyForDeploymentPostprocessing = 0;
		};
		2F12C6E22C1407F100AC3E32 /* Resources */ = {
			isa = PBXResourcesBuildPhase;
			buildActionMask = 2147483647;
			files = (
			);
			runOnlyForDeploymentPostprocessing = 0;
		};
/* End PBXResourcesBuildPhase section */

/* Begin PBXSourcesBuildPhase section */
		2F12C6C52C1407F000AC3E32 /* Sources */ = {
			isa = PBXSourcesBuildPhase;
			buildActionMask = 2147483647;
			files = (
				2F12C6CF2C1407F000AC3E32 /* ContentView.swift in Sources */,
				2F12C6CD2C1407F000AC3E32 /* VocapApp.swift in Sources */,
			);
			runOnlyForDeploymentPostprocessing = 0;
		};
		2F12C6D62C1407F100AC3E32 /* Sources */ = {
			isa = PBXSourcesBuildPhase;
			buildActionMask = 2147483647;
			files = (
				2F12C6DF2C1407F100AC3E32 /* VocapTests.swift in Sources */,
			);
			runOnlyForDeploymentPostprocessing = 0;
		};
		2F12C6E02C1407F100AC3E32 /* Sources */ = {
			isa = PBXSourcesBuildPhase;
			buildActionMask = 2147483647;
			files = (
				2F12C6EB2C1407F100AC3E32 /* VocapUITestsLaunchTests.swift in Sources */,
				2F12C6E92C1407F100AC3E32 /* VocapUITests.swift in Sources */,
			);
			runOnlyForDeploymentPostprocessing = 0;
		};
/* End PBXSourcesBuildPhase section */

/* Begin PBXTargetDependency section */
		2F12C6DC2C1407F100AC3E32 /* PBXTargetDependency */ = {
			isa = PBXTargetDependency;
			target = 2F12C6C82C1407F000AC3E32 /* Vocap */;
			targetProxy = 2F12C6DB2C1407F100AC3E32 /* PBXContainerItemProxy */;
		};
		2F12C6E62C1407F100AC3E32 /* PBXTargetDependency */ = {
			isa = PBXTargetDependency;
			target = 2F12C6C82C1407F000AC3E32 /* Vocap */;
			targetProxy = 2F12C6E52C1407F100AC3E32 /* PBXContainerItemProxy */;
		};
/* End PBXTargetDependency section */

/* Begin XCBuildConfiguration section */
		2F12C6EC2C1407F100AC3E32 /* Debug */ = {
			isa = XCBuildConfiguration;
			buildSettings = {
				ALWAYS_SEARCH_USER_PATHS = NO;
				ASSETCATALOG_COMPILER_GENERATE_SWIFT_ASSET_SYMBOL_EXTENSIONS = YES;
				CLANG_ANALYZER_NONNULL = YES;
				CLANG_ANALYZER_NUMBER_OBJECT_CONVERSION = YES_AGGRESSIVE;
				CLANG_CXX_LANGUAGE_STANDARD = "gnu++20";
				CLANG_ENABLE_MODULES = YES;
				CLANG_ENABLE_OBJC_ARC = YES;
				CLANG_ENABLE_OBJC_WEAK = YES;
				CLANG_WARN_BLOCK_CAPTURE_AUTORELEASING = YES;
				CLANG_WARN_BOOL_CONVERSION = YES;
				CLANG_WARN_COMMA = YES;
				CLANG_WARN_CONSTANT_CONVERSION = YES;
				CLANG_WARN_DEPRECATED_OBJC_IMPLEMENTATIONS = YES;
				CLANG_WARN_DIRECT_OBJC_ISA_USAGE = YES_ERROR;
				CLANG_WARN_DOCUMENTATION_COMMENTS = YES;
				CLANG_WARN_EMPTY_BODY = YES;
				CLANG_WARN_ENUM_CONVERSION = YES;
				CLANG_WARN_INFINITE_RECURSION = YES;
				CLANG_WARN_INT_CONVERSION = YES;
				CLANG_WARN_NON_LITERAL_NULL_CONVERSION = YES;
				CLANG_WARN_OBJC_IMPLICIT_RETAIN_SELF = YES;
				CLANG_WARN_OBJC_LITERAL_CONVERSION = YES;
				CLANG_WARN_OBJC_ROOT_CLASS = YES_ERROR;
				CLANG_WARN_QUOTED_INCLUDE_IN_FRAMEWORK_HEADER = YES;
				CLANG_WARN_RANGE_LOOP_ANALYSIS = YES;
				CLANG_WARN_STRICT_PROTOTYPES = YES;
				CLANG_WARN_SUSPICIOUS_MOVE = YES;
				CLANG_WARN_UNGUARDED_AVAILABILITY = YES_AGGRESSIVE;
				CLANG_WARN_UNREACHABLE_CODE = YES;
				CLANG_WARN__DUPLICATE_METHOD_MATCH = YES;
				COPY_PHASE_STRIP = NO;
				DEBUG_INFORMATION_FORMAT = dwarf;
				ENABLE_STRICT_OBJC_MSGSEND = YES;
				ENABLE_TESTABILITY = YES;
				ENABLE_USER_SCRIPT_SANDBOXING = YES;
				GCC_C_LANGUAGE_STANDARD = gnu17;
				GCC_DYNAMIC_NO_PIC = NO;
				GCC_NO_COMMON_BLOCKS = YES;
				GCC_OPTIMIZATION_LEVEL = 0;
				GCC_PREPROCESSOR_DEFINITIONS = (
					"DEBUG=1",
					"$(inherited)",
				);
				GCC_WARN_64_TO_32_BIT_CONVERSION = YES;
				GCC_WARN_ABOUT_RETURN_TYPE = YES_ERROR;
				GCC_WARN_UNDECLARED_SELECTOR = YES;
				GCC_WARN_UNINITIALIZED_AUTOS = YES_AGGRESSIVE;
				GCC_WARN_UNUSED_FUNCTION = YES;
				GCC_WARN_UNUSED_VARIABLE = YES;
				LOCALIZATION_PREFERS_STRING_CATALOGS = YES;
				MTL_ENABLE_DEBUG_INFO = INCLUDE_SOURCE;
				MTL_FAST_MATH = YES;
				ONLY_ACTIVE_ARCH = YES;
				SWIFT_ACTIVE_COMPILATION_CONDITIONS = "DEBUG $(inherited)";
				SWIFT_OPTIMIZATION_LEVEL = "-Onone";
			};
			name = Debug;
		};
		2F12C6ED2C1407F100AC3E32 /* Release */ = {
			isa = XCBuildConfiguration;
			buildSettings = {
				ALWAYS_SEARCH_USER_PATHS = NO;
				ASSETCATALOG_COMPILER_GENERATE_SWIFT_ASSET_SYMBOL_EXTENSIONS = YES;
				CLANG_ANALYZER_NONNULL = YES;
				CLANG_ANALYZER_NUMBER_OBJECT_CONVERSION = YES_AGGRESSIVE;
				CLANG_CXX_LANGUAGE_STANDARD = "gnu++20";
				CLANG_ENABLE_MODULES = YES;
				CLANG_ENABLE_OBJC_ARC = YES;
				CLANG_ENABLE_OBJC_WEAK = YES;
				CLANG_WARN_BLOCK_CAPTURE_AUTORELEASING = YES;
				CLANG_WARN_BOOL_CONVERSION = YES;
				CLANG_WARN_COMMA = YES;
				CLANG_WARN_CONSTANT_CONVERSION = YES;
				CLANG_WARN_DEPRECATED_OBJC_IMPLEMENTATIONS = YES;
				CLANG_WARN_DIRECT_OBJC_ISA_USAGE = YES_ERROR;
				CLANG_WARN_DOCUMENTATION_COMMENTS = YES;
				CLANG_WARN_EMPTY_BODY = YES;
				CLANG_WARN_ENUM_CONVERSION = YES;
				CLANG_WARN_INFINITE_RECURSION = YES;
				CLANG_WARN_INT_CONVERSION = YES;
				CLANG_WARN_NON_LITERAL_NULL_CONVERSION = YES;
				CLANG_WARN_OBJC_IMPLICIT_RETAIN_SELF = YES;
				CLANG_WARN_OBJC_LITERAL_CONVERSION = YES;
				CLANG_WARN_OBJC_ROOT_CLASS = YES_ERROR;
				CLANG_WARN_QUOTED_INCLUDE_IN_FRAMEWORK_HEADER = YES;
				CLANG_WARN_RANGE_LOOP_ANALYSIS = YES;
				CLANG_WARN_STRICT_PROTOTYPES = YES;
				CLANG_WARN_SUSPICIOUS_MOVE = YES;
				CLANG_WARN_UNGUARDED_AVAILABILITY = YES_AGGRESSIVE;
				CLANG_WARN_UNREACHABLE_CODE = YES;
				CLANG_WARN__DUPLICATE_METHOD_MATCH = YES;
				COPY_PHASE_STRIP = NO;
				DEBUG_INFORMATION_FORMAT = "dwarf-with-dsym";
				ENABLE_NS_ASSERTIONS = NO;
				ENABLE_STRICT_OBJC_MSGSEND = YES;
				ENABLE_USER_SCRIPT_SANDBOXING = YES;
				GCC_C_LANGUAGE_STANDARD = gnu17;
				GCC_NO_COMMON_BLOCKS = YES;
				GCC_WARN_64_TO_32_BIT_CONVERSION = YES;
				GCC_WARN_ABOUT_RETURN_TYPE = YES_ERROR;
				GCC_WARN_UNDECLARED_SELECTOR = YES;
				GCC_WARN_UNINITIALIZED_AUTOS = YES_AGGRESSIVE;
				GCC_WARN_UNUSED_FUNCTION = YES;
				GCC_WARN_UNUSED_VARIABLE = YES;
				LOCALIZATION_PREFERS_STRING_CATALOGS = YES;
				MTL_ENABLE_DEBUG_INFO = NO;
				MTL_FAST_MATH = YES;
				SWIFT_COMPILATION_MODE = wholemodule;
			};
			name = Release;
		};
		2F12C6EF2C1407F100AC3E32 /* Debug */ = {
			isa = XCBuildConfiguration;
			buildSettings = {
				ASSETCATALOG_COMPILER_APPICON_NAME = AppIcon;
				ASSETCATALOG_COMPILER_GLOBAL_ACCENT_COLOR_NAME = AccentColor;
				CODE_SIGN_ENTITLEMENTS = Vocap/Vocap.entitlements;
				CODE_SIGN_STYLE = Automatic;
				CURRENT_PROJECT_VERSION = 1;
				DEVELOPMENT_ASSET_PATHS = "\"Vocap/Preview Content\"";
				DEVELOPMENT_TEAM = 48CKAFKWVH;
				ENABLE_HARDENED_RUNTIME = YES;
				ENABLE_PREVIEWS = YES;
				GENERATE_INFOPLIST_FILE = YES;
				"INFOPLIST_KEY_UIApplicationSceneManifest_Generation[sdk=iphoneos*]" = YES;
				"INFOPLIST_KEY_UIApplicationSceneManifest_Generation[sdk=iphonesimulator*]" = YES;
				"INFOPLIST_KEY_UIApplicationSupportsIndirectInputEvents[sdk=iphoneos*]" = YES;
				"INFOPLIST_KEY_UIApplicationSupportsIndirectInputEvents[sdk=iphonesimulator*]" = YES;
				"INFOPLIST_KEY_UILaunchScreen_Generation[sdk=iphoneos*]" = YES;
				"INFOPLIST_KEY_UILaunchScreen_Generation[sdk=iphonesimulator*]" = YES;
				"INFOPLIST_KEY_UIStatusBarStyle[sdk=iphoneos*]" = UIStatusBarStyleDefault;
				"INFOPLIST_KEY_UIStatusBarStyle[sdk=iphonesimulator*]" = UIStatusBarStyleDefault;
				INFOPLIST_KEY_UISupportedInterfaceOrientations_iPad = "UIInterfaceOrientationPortrait UIInterfaceOrientationPortraitUpsideDown UIInterfaceOrientationLandscapeLeft UIInterfaceOrientationLandscapeRight";
				INFOPLIST_KEY_UISupportedInterfaceOrientations_iPhone = "UIInterfaceOrientationPortrait UIInterfaceOrientationLandscapeLeft UIInterfaceOrientationLandscapeRight";
				IPHONEOS_DEPLOYMENT_TARGET = 17.5;
				LD_RUNPATH_SEARCH_PATHS = "@executable_path/Frameworks";
				"LD_RUNPATH_SEARCH_PATHS[sdk=macosx*]" = "@executable_path/../Frameworks";
				MACOSX_DEPLOYMENT_TARGET = 14.4;
				MARKETING_VERSION = 1.0;
				PRODUCT_BUNDLE_IDENTIFIER = com.viothun.Vocap;
				PRODUCT_NAME = "$(TARGET_NAME)";
				SDKROOT = auto;
				SUPPORTED_PLATFORMS = "iphoneos iphonesimulator macosx";
				SWIFT_EMIT_LOC_STRINGS = YES;
				SWIFT_VERSION = 5.0;
				TARGETED_DEVICE_FAMILY = "1,2";
			};
			name = Debug;
		};
		2F12C6F02C1407F100AC3E32 /* Release */ = {
			isa = XCBuildConfiguration;
			buildSettings = {
				ASSETCATALOG_COMPILER_APPICON_NAME = AppIcon;
				ASSETCATALOG_COMPILER_GLOBAL_ACCENT_COLOR_NAME = AccentColor;
				CODE_SIGN_ENTITLEMENTS = Vocap/Vocap.entitlements;
				CODE_SIGN_STYLE = Automatic;
				CURRENT_PROJECT_VERSION = 1;
				DEVELOPMENT_ASSET_PATHS = "\"Vocap/Preview Content\"";
				DEVELOPMENT_TEAM = 48CKAFKWVH;
				ENABLE_HARDENED_RUNTIME = YES;
				ENABLE_PREVIEWS = YES;
				GENERATE_INFOPLIST_FILE = YES;
				"INFOPLIST_KEY_UIApplicationSceneManifest_Generation[sdk=iphoneos*]" = YES;
				"INFOPLIST_KEY_UIApplicationSceneManifest_Generation[sdk=iphonesimulator*]" = YES;
				"INFOPLIST_KEY_UIApplicationSupportsIndirectInputEvents[sdk=iphoneos*]" = YES;
				"INFOPLIST_KEY_UIApplicationSupportsIndirectInputEvents[sdk=iphonesimulator*]" = YES;
				"INFOPLIST_KEY_UILaunchScreen_Generation[sdk=iphoneos*]" = YES;
				"INFOPLIST_KEY_UILaunchScreen_Generation[sdk=iphonesimulator*]" = YES;
				"INFOPLIST_KEY_UIStatusBarStyle[sdk=iphoneos*]" = UIStatusBarStyleDefault;
				"INFOPLIST_KEY_UIStatusBarStyle[sdk=iphonesimulator*]" = UIStatusBarStyleDefault;
				INFOPLIST_KEY_UISupportedInterfaceOrientations_iPad = "UIInterfaceOrientationPortrait UIInterfaceOrientationPortraitUpsideDown UIInterfaceOrientationLandscapeLeft UIInterfaceOrientationLandscapeRight";
				INFOPLIST_KEY_UISupportedInterfaceOrientations_iPhone = "UIInterfaceOrientationPortrait UIInterfaceOrientationLandscapeLeft UIInterfaceOrientationLandscapeRight";
				IPHONEOS_DEPLOYMENT_TARGET = 17.5;
				LD_RUNPATH_SEARCH_PATHS = "@executable_path/Frameworks";
				"LD_RUNPATH_SEARCH_PATHS[sdk=macosx*]" = "@executable_path/../Frameworks";
				MACOSX_DEPLOYMENT_TARGET = 14.4;
				MARKETING_VERSION = 1.0;
				PRODUCT_BUNDLE_IDENTIFIER = com.viothun.Vocap;
				PRODUCT_NAME = "$(TARGET_NAME)";
				SDKROOT = auto;
				SUPPORTED_PLATFORMS = "iphoneos iphonesimulator macosx";
				SWIFT_EMIT_LOC_STRINGS = YES;
				SWIFT_VERSION = 5.0;
				TARGETED_DEVICE_FAMILY = "1,2";
			};
			name = Release;
		};
		2F12C6F22C1407F100AC3E32 /* Debug */ = {
			isa = XCBuildConfiguration;
			buildSettings = {
				ALWAYS_EMBED_SWIFT_STANDARD_LIBRARIES = YES;
				BUNDLE_LOADER = "$(TEST_HOST)";
				CODE_SIGN_STYLE = Automatic;
				CURRENT_PROJECT_VERSION = 1;
				DEVELOPMENT_TEAM = 48CKAFKWVH;
				GENERATE_INFOPLIST_FILE = YES;
				IPHONEOS_DEPLOYMENT_TARGET = 17.5;
				MACOSX_DEPLOYMENT_TARGET = 14.4;
				MARKETING_VERSION = 1.0;
				PRODUCT_BUNDLE_IDENTIFIER = com.viothun.VocapTests;
				PRODUCT_NAME = "$(TARGET_NAME)";
				SDKROOT = auto;
				SUPPORTED_PLATFORMS = "iphoneos iphonesimulator macosx";
				SWIFT_EMIT_LOC_STRINGS = NO;
				SWIFT_VERSION = 5.0;
				TARGETED_DEVICE_FAMILY = "1,2";
				TEST_HOST = "$(BUILT_PRODUCTS_DIR)/Vocap.app/$(BUNDLE_EXECUTABLE_FOLDER_PATH)/Vocap";
			};
			name = Debug;
		};
		2F12C6F32C1407F100AC3E32 /* Release */ = {
			isa = XCBuildConfiguration;
			buildSettings = {
				ALWAYS_EMBED_SWIFT_STANDARD_LIBRARIES = YES;
				BUNDLE_LOADER = "$(TEST_HOST)";
				CODE_SIGN_STYLE = Automatic;
				CURRENT_PROJECT_VERSION = 1;
				DEVELOPMENT_TEAM = 48CKAFKWVH;
				GENERATE_INFOPLIST_FILE = YES;
				IPHONEOS_DEPLOYMENT_TARGET = 17.5;
				MACOSX_DEPLOYMENT_TARGET = 14.4;
				MARKETING_VERSION = 1.0;
				PRODUCT_BUNDLE_IDENTIFIER = com.viothun.VocapTests;
				PRODUCT_NAME = "$(TARGET_NAME)";
				SDKROOT = auto;
				SUPPORTED_PLATFORMS = "iphoneos iphonesimulator macosx";
				SWIFT_EMIT_LOC_STRINGS = NO;
				SWIFT_VERSION = 5.0;
				TARGETED_DEVICE_FAMILY = "1,2";
				TEST_HOST = "$(BUILT_PRODUCTS_DIR)/Vocap.app/$(BUNDLE_EXECUTABLE_FOLDER_PATH)/Vocap";
			};
			name = Release;
		};
		2F12C6F52C1407F100AC3E32 /* Debug */ = {
			isa = XCBuildConfiguration;
			buildSettings = {
				ALWAYS_EMBED_SWIFT_STANDARD_LIBRARIES = YES;
				CODE_SIGN_STYLE = Automatic;
				CURRENT_PROJECT_VERSION = 1;
				DEVELOPMENT_TEAM = 48CKAFKWVH;
				GENERATE_INFOPLIST_FILE = YES;
				IPHONEOS_DEPLOYMENT_TARGET = 17.5;
				MACOSX_DEPLOYMENT_TARGET = 14.4;
				MARKETING_VERSION = 1.0;
				PRODUCT_BUNDLE_IDENTIFIER = com.viothun.VocapUITests;
				PRODUCT_NAME = "$(TARGET_NAME)";
				SDKROOT = auto;
				SUPPORTED_PLATFORMS = "iphoneos iphonesimulator macosx";
				SWIFT_EMIT_LOC_STRINGS = NO;
				SWIFT_VERSION = 5.0;
				TARGETED_DEVICE_FAMILY = "1,2";
				TEST_TARGET_NAME = Vocap;
			};
			name = Debug;
		};
		2F12C6F62C1407F100AC3E32 /* Release */ = {
			isa = XCBuildConfiguration;
			buildSettings = {
				ALWAYS_EMBED_SWIFT_STANDARD_LIBRARIES = YES;
				CODE_SIGN_STYLE = Automatic;
				CURRENT_PROJECT_VERSION = 1;
				DEVELOPMENT_TEAM = 48CKAFKWVH;
				GENERATE_INFOPLIST_FILE = YES;
				IPHONEOS_DEPLOYMENT_TARGET = 17.5;
				MACOSX_DEPLOYMENT_TARGET = 14.4;
				MARKETING_VERSION = 1.0;
				PRODUCT_BUNDLE_IDENTIFIER = com.viothun.VocapUITests;
				PRODUCT_NAME = "$(TARGET_NAME)";
				SDKROOT = auto;
				SUPPORTED_PLATFORMS = "iphoneos iphonesimulator macosx";
				SWIFT_EMIT_LOC_STRINGS = NO;
				SWIFT_VERSION = 5.0;
				TARGETED_DEVICE_FAMILY = "1,2";
				TEST_TARGET_NAME = Vocap;
			};
			name = Release;
		};
/* End XCBuildConfiguration section */

/* Begin XCConfigurationList section */
		2F12C6C42C1407F000AC3E32 /* Build configuration list for PBXProject "Vocap" */ = {
			isa = XCConfigurationList;
			buildConfigurations = (
				2F12C6EC2C1407F100AC3E32 /* Debug */,
				2F12C6ED2C1407F100AC3E32 /* Release */,
			);
			defaultConfigurationIsVisible = 0;
			defaultConfigurationName = Release;
		};
		2F12C6EE2C1407F100AC3E32 /* Build configuration list for PBXNativeTarget "Vocap" */ = {
			isa = XCConfigurationList;
			buildConfigurations = (
				2F12C6EF2C1407F100AC3E32 /* Debug */,
				2F12C6F02C1407F100AC3E32 /* Release */,
			);
			defaultConfigurationIsVisible = 0;
			defaultConfigurationName = Release;
		};
		2F12C6F12C1407F100AC3E32 /* Build configuration list for PBXNativeTarget "VocapTests" */ = {
			isa = XCConfigurationList;
			buildConfigurations = (
				2F12C6F22C1407F100AC3E32 /* Debug */,
				2F12C6F32C1407F100AC3E32 /* Release */,
			);
			defaultConfigurationIsVisible = 0;
			defaultConfigurationName = Release;
		};
		2F12C6F42C1407F100AC3E32 /* Build configuration list for PBXNativeTarget "VocapUITests" */ = {
			isa = XCConfigurationList;
			buildConfigurations = (
				2F12C6F52C1407F100AC3E32 /* Debug */,
				2F12C6F62C1407F100AC3E32 /* Release */,
			);
			defaultConfigurationIsVisible = 0;
			defaultConfigurationName = Release;
		};
/* End XCConfigurationList section */
	};
	rootObject = 2F12C6C12C1407F000AC3E32 /* Project object */;
}
